// !$*UTF8*$!
{
	archiveVersion = 1;
	classes = {
	};
	objectVersion = 77;
	objects = {

/* Begin PBXContainerItemProxy section */
		BAAA8A4B2EC7F5DD00608C68 /* PBXContainerItemProxy */ = {
			isa = PBXContainerItemProxy;
			containerPortal = BAAA8A352EC7F5DB00608C68 /* Project object */;
			proxyType = 1;
			remoteGlobalIDString = BAAA8A3C2EC7F5DB00608C68;
			remoteInfo = NFCTimecardApp;
		};
		BAAA8A552EC7F5DD00608C68 /* PBXContainerItemProxy */ = {
			isa = PBXContainerItemProxy;
			containerPortal = BAAA8A352EC7F5DB00608C68 /* Project object */;
			proxyType = 1;
			remoteGlobalIDString = BAAA8A3C2EC7F5DB00608C68;
			remoteInfo = NFCTimecardApp;
		};
/* End PBXContainerItemProxy section */

/* Begin PBXFileReference section */
		BAAA8A3D2EC7F5DB00608C68 /* NFCTimecardApp.app */ = {isa = PBXFileReference; explicitFileType = wrapper.application; includeInIndex = 0; path = NFCTimecardApp.app; sourceTree = BUILT_PRODUCTS_DIR; };
		BAAA8A4A2EC7F5DD00608C68 /* NFCTimecardAppTests.xctest */ = {isa = PBXFileReference; explicitFileType = wrapper.cfbundle; includeInIndex = 0; path = NFCTimecardAppTests.xctest; sourceTree = BUILT_PRODUCTS_DIR; };
		BAAA8A542EC7F5DD00608C68 /* NFCTimecardAppUITests.xctest */ = {isa = PBXFileReference; explicitFileType = wrapper.cfbundle; includeInIndex = 0; path = NFCTimecardAppUITests.xctest; sourceTree = BUILT_PRODUCTS_DIR; };
/* End PBXFileReference section */

/* Begin PBXFileSystemSynchronizedRootGroup section */
		BAAA8A3F2EC7F5DB00608C68 /* NFCTimecardApp */ = {
			isa = PBXFileSystemSynchronizedRootGroup;
			path = NFCTimecardApp;
			sourceTree = "<group>";
		};
		BAAA8A4D2EC7F5DD00608C68 /* NFCTimecardAppTests */ = {
			isa = PBXFileSystemSynchronizedRootGroup;
			path = NFCTimecardAppTests;
			sourceTree = "<group>";
		};
		BAAA8A572EC7F5DD00608C68 /* NFCTimecardAppUITests */ = {
			isa = PBXFileSystemSynchronizedRootGroup;
			path = NFCTimecardAppUITests;
			sourceTree = "<group>";
		};
/* End PBXFileSystemSynchronizedRootGroup section */

/* Begin PBXFrameworksBuildPhase section */
		BAAA8A3A2EC7F5DB00608C68 /* Frameworks */ = {
			isa = PBXFrameworksBuildPhase;
			buildActionMask = 2147483647;
			files = (
			);
			runOnlyForDeploymentPostprocessing = 0;
		};
		BAAA8A472EC7F5DD00608C68 /* Frameworks */ = {
			isa = PBXFrameworksBuildPhase;
			buildActionMask = 2147483647;
			files = (
			);
			runOnlyForDeploymentPostprocessing = 0;
		};
		BAAA8A512EC7F5DD00608C68 /* Frameworks */ = {
			isa = PBXFrameworksBuildPhase;
			buildActionMask = 2147483647;
			files = (
			);
			runOnlyForDeploymentPostprocessing = 0;
		};
/* End PBXFrameworksBuildPhase section */

/* Begin PBXGroup section */
		BAAA8A342EC7F5DB00608C68 = {
			isa = PBXGroup;
			children = (
				BAAA8A3F2EC7F5DB00608C68 /* NFCTimecardApp */,
				BAAA8A4D2EC7F5DD00608C68 /* NFCTimecardAppTests */,
				BAAA8A572EC7F5DD00608C68 /* NFCTimecardAppUITests */,
				BAAA8A3E2EC7F5DB00608C68 /* Products */,
			);
			sourceTree = "<group>";
		};
		BAAA8A3E2EC7F5DB00608C68 /* Products */ = {
			isa = PBXGroup;
			children = (
				BAAA8A3D2EC7F5DB00608C68 /* NFCTimecardApp.app */,
				BAAA8A4A2EC7F5DD00608C68 /* NFCTimecardAppTests.xctest */,
				BAAA8A542EC7F5DD00608C68 /* NFCTimecardAppUITests.xctest */,
			);
			name = Products;
			sourceTree = "<group>";
		};
/* End PBXGroup section */

/* Begin PBXNativeTarget section */
		BAAA8A3C2EC7F5DB00608C68 /* NFCTimecardApp */ = {
			isa = PBXNativeTarget;
			buildConfigurationList = BAAA8A5E2EC7F5DD00608C68 /* Build configuration list for PBXNativeTarget "NFCTimecardApp" */;
			buildPhases = (
				BAAA8A392EC7F5DB00608C68 /* Sources */,
				BAAA8A3A2EC7F5DB00608C68 /* Frameworks */,
				BAAA8A3B2EC7F5DB00608C68 /* Resources */,
			);
			buildRules = (
			);
			dependencies = (
			);
			fileSystemSynchronizedGroups = (
				BAAA8A3F2EC7F5DB00608C68 /* NFCTimecardApp */,
			);
			name = NFCTimecardApp;
			packageProductDependencies = (
			);
			productName = NFCTimecardApp;
			productReference = BAAA8A3D2EC7F5DB00608C68 /* NFCTimecardApp.app */;
			productType = "com.apple.product-type.application";
		};
		BAAA8A492EC7F5DD00608C68 /* NFCTimecardAppTests */ = {
			isa = PBXNativeTarget;
			buildConfigurationList = BAAA8A612EC7F5DD00608C68 /* Build configuration list for PBXNativeTarget "NFCTimecardAppTests" */;
			buildPhases = (
				BAAA8A462EC7F5DD00608C68 /* Sources */,
				BAAA8A472EC7F5DD00608C68 /* Frameworks */,
				BAAA8A482EC7F5DD00608C68 /* Resources */,
			);
			buildRules = (
			);
			dependencies = (
				BAAA8A4C2EC7F5DD00608C68 /* PBXTargetDependency */,
			);
			fileSystemSynchronizedGroups = (
				BAAA8A4D2EC7F5DD00608C68 /* NFCTimecardAppTests */,
			);
			name = NFCTimecardAppTests;
			packageProductDependencies = (
			);
			productName = NFCTimecardAppTests;
			productReference = BAAA8A4A2EC7F5DD00608C68 /* NFCTimecardAppTests.xctest */;
			productType = "com.apple.product-type.bundle.unit-test";
		};
		BAAA8A532EC7F5DD00608C68 /* NFCTimecardAppUITests */ = {
			isa = PBXNativeTarget;
			buildConfigurationList = BAAA8A642EC7F5DD00608C68 /* Build configuration list for PBXNativeTarget "NFCTimecardAppUITests" */;
			buildPhases = (
				BAAA8A502EC7F5DD00608C68 /* Sources */,
				BAAA8A512EC7F5DD00608C68 /* Frameworks */,
				BAAA8A522EC7F5DD00608C68 /* Resources */,
			);
			buildRules = (
			);
			dependencies = (
				BAAA8A562EC7F5DD00608C68 /* PBXTargetDependency */,
			);
			fileSystemSynchronizedGroups = (
				BAAA8A572EC7F5DD00608C68 /* NFCTimecardAppUITests */,
			);
			name = NFCTimecardAppUITests;
			packageProductDependencies = (
			);
			productName = NFCTimecardAppUITests;
			productReference = BAAA8A542EC7F5DD00608C68 /* NFCTimecardAppUITests.xctest */;
			productType = "com.apple.product-type.bundle.ui-testing";
		};
/* End PBXNativeTarget section */

/* Begin PBXProject section */
		BAAA8A352EC7F5DB00608C68 /* Project object */ = {
			isa = PBXProject;
			attributes = {
				BuildIndependentTargetsInParallel = 1;
				LastSwiftUpdateCheck = 2610;
				LastUpgradeCheck = 2610;
				TargetAttributes = {
					BAAA8A3C2EC7F5DB00608C68 = {
						CreatedOnToolsVersion = 26.1.1;
					};
					BAAA8A492EC7F5DD00608C68 = {
						CreatedOnToolsVersion = 26.1.1;
						TestTargetID = BAAA8A3C2EC7F5DB00608C68;
					};
					BAAA8A532EC7F5DD00608C68 = {
						CreatedOnToolsVersion = 26.1.1;
						TestTargetID = BAAA8A3C2EC7F5DB00608C68;
					};
				};
			};
			buildConfigurationList = BAAA8A382EC7F5DB00608C68 /* Build configuration list for PBXProject "NFCTimecardApp" */;
			developmentRegion = en;
			hasScannedForEncodings = 0;
			knownRegions = (
				en,
				Base,
			);
			mainGroup = BAAA8A342EC7F5DB00608C68;
			minimizedProjectReferenceProxies = 1;
			preferredProjectObjectVersion = 77;
			productRefGroup = BAAA8A3E2EC7F5DB00608C68 /* Products */;
			projectDirPath = "";
			projectRoot = "";
			targets = (
				BAAA8A3C2EC7F5DB00608C68 /* NFCTimecardApp */,
				BAAA8A492EC7F5DD00608C68 /* NFCTimecardAppTests */,
				BAAA8A532EC7F5DD00608C68 /* NFCTimecardAppUITests */,
			);
		};
/* End PBXProject section */

/* Begin PBXResourcesBuildPhase section */
		BAAA8A3B2EC7F5DB00608C68 /* Resources */ = {
			isa = PBXResourcesBuildPhase;
			buildActionMask = 2147483647;
			files = (
			);
			runOnlyForDeploymentPostprocessing = 0;
		};
		BAAA8A482EC7F5DD00608C68 /* Resources */ = {
			isa = PBXResourcesBuildPhase;
			buildActionMask = 2147483647;
			files = (
			);
			runOnlyForDeploymentPostprocessing = 0;
		};
		BAAA8A522EC7F5DD00608C68 /* Resources */ = {
			isa = PBXResourcesBuildPhase;
			buildActionMask = 2147483647;
			files = (
			);
			runOnlyForDeploymentPostprocessing = 0;
		};
/* End PBXResourcesBuildPhase section */

/* Begin PBXSourcesBuildPhase section */
		BAAA8A392EC7F5DB00608C68 /* Sources */ = {
			isa = PBXSourcesBuildPhase;
			buildActionMask = 2147483647;
			files = (
			);
			runOnlyForDeploymentPostprocessing = 0;
		};
		BAAA8A462EC7F5DD00608C68 /* Sources */ = {
			isa = PBXSourcesBuildPhase;
			buildActionMask = 2147483647;
			files = (
			);
			runOnlyForDeploymentPostprocessing = 0;
		};
		BAAA8A502EC7F5DD00608C68 /* Sources */ = {
			isa = PBXSourcesBuildPhase;
			buildActionMask = 2147483647;
			files = (
			);
			runOnlyForDeploymentPostprocessing = 0;
		};
/* End PBXSourcesBuildPhase section */

/* Begin PBXTargetDependency section */
		BAAA8A4C2EC7F5DD00608C68 /* PBXTargetDependency */ = {
			isa = PBXTargetDependency;
			target = BAAA8A3C2EC7F5DB00608C68 /* NFCTimecardApp */;
			targetProxy = BAAA8A4B2EC7F5DD00608C68 /* PBXContainerItemProxy */;
		};
		BAAA8A562EC7F5DD00608C68 /* PBXTargetDependency */ = {
			isa = PBXTargetDependency;
			target = BAAA8A3C2EC7F5DB00608C68 /* NFCTimecardApp */;
			targetProxy = BAAA8A552EC7F5DD00608C68 /* PBXContainerItemProxy */;
		};
/* End PBXTargetDependency section */

/* Begin XCBuildConfiguration section */
		BAAA8A5C2EC7F5DD00608C68 /* Debug */ = {
			isa = XCBuildConfiguration;
			buildSettings = {
				ALWAYS_SEARCH_USER_PATHS = NO;
				ASSETCATALOG_COMPILER_GENERATE_SWIFT_ASSET_SYMBOL_EXTENSIONS = YES;
				CLANG_ANALYZER_NONNULL = YES;
				CLANG_ANALYZER_NUMBER_OBJECT_CONVERSION = YES_AGGRESSIVE;
				CLANG_CXX_LANGUAGE_STANDARD = "gnu++20";
				CLANG_ENABLE_MODULES = YES;
				CLANG_ENABLE_OBJC_ARC = YES;
				CLANG_ENABLE_OBJC_WEAK = YES;
				CLANG_WARN_BLOCK_CAPTURE_AUTORELEASING = YES;
				CLANG_WARN_BOOL_CONVERSION = YES;
				CLANG_WARN_COMMA = YES;
				CLANG_WARN_CONSTANT_CONVERSION = YES;
				CLANG_WARN_DEPRECATED_OBJC_IMPLEMENTATIONS = YES;
				CLANG_WARN_DIRECT_OBJC_ISA_USAGE = YES_ERROR;
				CLANG_WARN_DOCUMENTATION_COMMENTS = YES;
				CLANG_WARN_EMPTY_BODY = YES;
				CLANG_WARN_ENUM_CONVERSION = YES;
				CLANG_WARN_INFINITE_RECURSION = YES;
				CLANG_WARN_INT_CONVERSION = YES;
				CLANG_WARN_NON_LITERAL_NULL_CONVERSION = YES;
				CLANG_WARN_OBJC_IMPLICIT_RETAIN_SELF = YES;
				CLANG_WARN_OBJC_LITERAL_CONVERSION = YES;
				CLANG_WARN_OBJC_ROOT_CLASS = YES_ERROR;
				CLANG_WARN_QUOTED_INCLUDE_IN_FRAMEWORK_HEADER = YES;
				CLANG_WARN_RANGE_LOOP_ANALYSIS = YES;
				CLANG_WARN_STRICT_PROTOTYPES = YES;
				CLANG_WARN_SUSPICIOUS_MOVE = YES;
				CLANG_WARN_UNGUARDED_AVAILABILITY = YES_AGGRESSIVE;
				CLANG_WARN_UNREACHABLE_CODE = YES;
				CLANG_WARN__DUPLICATE_METHOD_MATCH = YES;
				COPY_PHASE_STRIP = NO;
				DEBUG_INFORMATION_FORMAT = dwarf;
				DEVELOPMENT_TEAM = V5FL927F7Y;
				ENABLE_STRICT_OBJC_MSGSEND = YES;
				ENABLE_TESTABILITY = YES;
				ENABLE_USER_SCRIPT_SANDBOXING = YES;
				GCC_C_LANGUAGE_STANDARD = gnu17;
				GCC_DYNAMIC_NO_PIC = NO;
				GCC_NO_COMMON_BLOCKS = YES;
				GCC_OPTIMIZATION_LEVEL = 0;
				GCC_PREPROCESSOR_DEFINITIONS = (
					"DEBUG=1",
					"$(inherited)",
				);
				GCC_WARN_64_TO_32_BIT_CONVERSION = YES;
				GCC_WARN_ABOUT_RETURN_TYPE = YES_ERROR;
				GCC_WARN_UNDECLARED_SELECTOR = YES;
				GCC_WARN_UNINITIALIZED_AUTOS = YES_AGGRESSIVE;
				GCC_WARN_UNUSED_FUNCTION = YES;
				GCC_WARN_UNUSED_VARIABLE = YES;
				IPHONEOS_DEPLOYMENT_TARGET = 26.1;
				LOCALIZATION_PREFERS_STRING_CATALOGS = YES;
				MTL_ENABLE_DEBUG_INFO = INCLUDE_SOURCE;
				MTL_FAST_MATH = YES;
				ONLY_ACTIVE_ARCH = YES;
				SDKROOT = iphoneos;
				SWIFT_ACTIVE_COMPILATION_CONDITIONS = "DEBUG $(inherited)";
				SWIFT_OPTIMIZATION_LEVEL = "-Onone";
			};
			name = Debug;
		};
		BAAA8A5D2EC7F5DD00608C68 /* Release */ = {
			isa = XCBuildConfiguration;
			buildSettings = {
				ALWAYS_SEARCH_USER_PATHS = NO;
				ASSETCATALOG_COMPILER_GENERATE_SWIFT_ASSET_SYMBOL_EXTENSIONS = YES;
				CLANG_ANALYZER_NONNULL = YES;
				CLANG_ANALYZER_NUMBER_OBJECT_CONVERSION = YES_AGGRESSIVE;
				CLANG_CXX_LANGUAGE_STANDARD = "gnu++20";
				CLANG_ENABLE_MODULES = YES;
				CLANG_ENABLE_OBJC_ARC = YES;
				CLANG_ENABLE_OBJC_WEAK = YES;
				CLANG_WARN_BLOCK_CAPTURE_AUTORELEASING = YES;
				CLANG_WARN_BOOL_CONVERSION = YES;
				CLANG_WARN_COMMA = YES;
				CLANG_WARN_CONSTANT_CONVERSION = YES;
				CLANG_WARN_DEPRECATED_OBJC_IMPLEMENTATIONS = YES;
				CLANG_WARN_DIRECT_OBJC_ISA_USAGE = YES_ERROR;
				CLANG_WARN_DOCUMENTATION_COMMENTS = YES;
				CLANG_WARN_EMPTY_BODY = YES;
				CLANG_WARN_ENUM_CONVERSION = YES;
				CLANG_WARN_INFINITE_RECURSION = YES;
				CLANG_WARN_INT_CONVERSION = YES;
				CLANG_WARN_NON_LITERAL_NULL_CONVERSION = YES;
				CLANG_WARN_OBJC_IMPLICIT_RETAIN_SELF = YES;
				CLANG_WARN_OBJC_LITERAL_CONVERSION = YES;
				CLANG_WARN_OBJC_ROOT_CLASS = YES_ERROR;
				CLANG_WARN_QUOTED_INCLUDE_IN_FRAMEWORK_HEADER = YES;
				CLANG_WARN_RANGE_LOOP_ANALYSIS = YES;
				CLANG_WARN_STRICT_PROTOTYPES = YES;
				CLANG_WARN_SUSPICIOUS_MOVE = YES;
				CLANG_WARN_UNGUARDED_AVAILABILITY = YES_AGGRESSIVE;
				CLANG_WARN_UNREACHABLE_CODE = YES;
				CLANG_WARN__DUPLICATE_METHOD_MATCH = YES;
				COPY_PHASE_STRIP = NO;
				DEBUG_INFORMATION_FORMAT = "dwarf-with-dsym";
				DEVELOPMENT_TEAM = V5FL927F7Y;
				ENABLE_NS_ASSERTIONS = NO;
				ENABLE_STRICT_OBJC_MSGSEND = YES;
				ENABLE_USER_SCRIPT_SANDBOXING = YES;
				GCC_C_LANGUAGE_STANDARD = gnu17;
				GCC_NO_COMMON_BLOCKS = YES;
				GCC_WARN_64_TO_32_BIT_CONVERSION = YES;
				GCC_WARN_ABOUT_RETURN_TYPE = YES_ERROR;
				GCC_WARN_UNDECLARED_SELECTOR = YES;
				GCC_WARN_UNINITIALIZED_AUTOS = YES_AGGRESSIVE;
				GCC_WARN_UNUSED_FUNCTION = YES;
				GCC_WARN_UNUSED_VARIABLE = YES;
				IPHONEOS_DEPLOYMENT_TARGET = 26.1;
				LOCALIZATION_PREFERS_STRING_CATALOGS = YES;
				MTL_ENABLE_DEBUG_INFO = NO;
				MTL_FAST_MATH = YES;
				SDKROOT = iphoneos;
				SWIFT_COMPILATION_MODE = wholemodule;
				VALIDATE_PRODUCT = YES;
			};
			name = Release;
		};
		BAAA8A5F2EC7F5DD00608C68 /* Debug */ = {
			isa = XCBuildConfiguration;
			buildSettings = {
				ASSETCATALOG_COMPILER_APPICON_NAME = AppIcon;
				ASSETCATALOG_COMPILER_GLOBAL_ACCENT_COLOR_NAME = AccentColor;
				CODE_SIGN_STYLE = Automatic;
				CURRENT_PROJECT_VERSION = 1;
				DEVELOPMENT_TEAM = V5FL927F7Y;
				ENABLE_PREVIEWS = YES;
				GENERATE_INFOPLIST_FILE = YES;
				INFOPLIST_KEY_UIApplicationSceneManifest_Generation = YES;
				INFOPLIST_KEY_UIApplicationSupportsIndirectInputEvents = YES;
				INFOPLIST_KEY_UILaunchScreen_Generation = YES;
				INFOPLIST_KEY_UISupportedInterfaceOrientations_iPad = "UIInterfaceOrientationPortrait UIInterfaceOrientationPortraitUpsideDown UIInterfaceOrientationLandscapeLeft UIInterfaceOrientationLandscapeRight";
				INFOPLIST_KEY_UISupportedInterfaceOrientations_iPhone = "UIInterfaceOrientationPortrait UIInterfaceOrientationLandscapeLeft UIInterfaceOrientationLandscapeRight";
				LD_RUNPATH_SEARCH_PATHS = (
					"$(inherited)",
					"@executable_path/Frameworks",
				);
				MARKETING_VERSION = 1.0;
				PRODUCT_BUNDLE_IDENTIFIER = jp.co.hikari.NFCTimecardApp;
				PRODUCT_NAME = "$(TARGET_NAME)";
				STRING_CATALOG_GENERATE_SYMBOLS = YES;
				SWIFT_APPROACHABLE_CONCURRENCY = YES;
				SWIFT_DEFAULT_ACTOR_ISOLATION = MainActor;
				SWIFT_EMIT_LOC_STRINGS = YES;
				SWIFT_UPCOMING_FEATURE_MEMBER_IMPORT_VISIBILITY = YES;
				SWIFT_VERSION = 5.0;
				TARGETED_DEVICE_FAMILY = "1,2";
			};
			name = Debug;
		};
		BAAA8A602EC7F5DD00608C68 /* Release */ = {
			isa = XCBuildConfiguration;
			buildSettings = {
				ASSETCATALOG_COMPILER_APPICON_NAME = AppIcon;
				ASSETCATALOG_COMPILER_GLOBAL_ACCENT_COLOR_NAME = AccentColor;
				CODE_SIGN_STYLE = Automatic;
				CURRENT_PROJECT_VERSION = 1;
				DEVELOPMENT_TEAM = V5FL927F7Y;
				ENABLE_PREVIEWS = YES;
				GENERATE_INFOPLIST_FILE = YES;
				INFOPLIST_KEY_UIApplicationSceneManifest_Generation = YES;
				INFOPLIST_KEY_UIApplicationSupportsIndirectInputEvents = YES;
				INFOPLIST_KEY_UILaunchScreen_Generation = YES;
				INFOPLIST_KEY_UISupportedInterfaceOrientations_iPad = "UIInterfaceOrientationPortrait UIInterfaceOrientationPortraitUpsideDown UIInterfaceOrientationLandscapeLeft UIInterfaceOrientationLandscapeRight";
				INFOPLIST_KEY_UISupportedInterfaceOrientations_iPhone = "UIInterfaceOrientationPortrait UIInterfaceOrientationLandscapeLeft UIInterfaceOrientationLandscapeRight";
				LD_RUNPATH_SEARCH_PATHS = (
					"$(inherited)",
					"@executable_path/Frameworks",
				);
				MARKETING_VERSION = 1.0;
				PRODUCT_BUNDLE_IDENTIFIER = jp.co.hikari.NFCTimecardApp;
				PRODUCT_NAME = "$(TARGET_NAME)";
				STRING_CATALOG_GENERATE_SYMBOLS = YES;
				SWIFT_APPROACHABLE_CONCURRENCY = YES;
				SWIFT_DEFAULT_ACTOR_ISOLATION = MainActor;
				SWIFT_EMIT_LOC_STRINGS = YES;
				SWIFT_UPCOMING_FEATURE_MEMBER_IMPORT_VISIBILITY = YES;
				SWIFT_VERSION = 5.0;
				TARGETED_DEVICE_FAMILY = "1,2";
			};
			name = Release;
		};
		BAAA8A622EC7F5DD00608C68 /* Debug */ = {
			isa = XCBuildConfiguration;
			buildSettings = {
				BUNDLE_LOADER = "$(TEST_HOST)";
				CODE_SIGN_STYLE = Automatic;
				CURRENT_PROJECT_VERSION = 1;
				DEVELOPMENT_TEAM = V5FL927F7Y;
				GENERATE_INFOPLIST_FILE = YES;
				IPHONEOS_DEPLOYMENT_TARGET = 26.1;
				MARKETING_VERSION = 1.0;
				PRODUCT_BUNDLE_IDENTIFIER = jp.co.hikari.NFCTimecardAppTests;
				PRODUCT_NAME = "$(TARGET_NAME)";
				STRING_CATALOG_GENERATE_SYMBOLS = NO;
				SWIFT_APPROACHABLE_CONCURRENCY = YES;
				SWIFT_EMIT_LOC_STRINGS = NO;
				SWIFT_UPCOMING_FEATURE_MEMBER_IMPORT_VISIBILITY = YES;
				SWIFT_VERSION = 5.0;
				TARGETED_DEVICE_FAMILY = "1,2";
				TEST_HOST = "$(BUILT_PRODUCTS_DIR)/NFCTimecardApp.app/$(BUNDLE_EXECUTABLE_FOLDER_PATH)/NFCTimecardApp";
			};
			name = Debug;
		};
		BAAA8A632EC7F5DD00608C68 /* Release */ = {
			isa = XCBuildConfiguration;
			buildSettings = {
				BUNDLE_LOADER = "$(TEST_HOST)";
				CODE_SIGN_STYLE = Automatic;
				CURRENT_PROJECT_VERSION = 1;
				DEVELOPMENT_TEAM = V5FL927F7Y;
				GENERATE_INFOPLIST_FILE = YES;
				IPHONEOS_DEPLOYMENT_TARGET = 26.1;
				MARKETING_VERSION = 1.0;
				PRODUCT_BUNDLE_IDENTIFIER = jp.co.hikari.NFCTimecardAppTests;
				PRODUCT_NAME = "$(TARGET_NAME)";
				STRING_CATALOG_GENERATE_SYMBOLS = NO;
				SWIFT_APPROACHABLE_CONCURRENCY = YES;
				SWIFT_EMIT_LOC_STRINGS = NO;
				SWIFT_UPCOMING_FEATURE_MEMBER_IMPORT_VISIBILITY = YES;
				SWIFT_VERSION = 5.0;
				TARGETED_DEVICE_FAMILY = "1,2";
				TEST_HOST = "$(BUILT_PRODUCTS_DIR)/NFCTimecardApp.app/$(BUNDLE_EXECUTABLE_FOLDER_PATH)/NFCTimecardApp";
			};
			name = Release;
		};
		BAAA8A652EC7F5DD00608C68 /* Debug */ = {
			isa = XCBuildConfiguration;
			buildSettings = {
				CODE_SIGN_STYLE = Automatic;
				CURRENT_PROJECT_VERSION = 1;
				DEVELOPMENT_TEAM = V5FL927F7Y;
				GENERATE_INFOPLIST_FILE = YES;
				MARKETING_VERSION = 1.0;
				PRODUCT_BUNDLE_IDENTIFIER = jp.co.hikari.NFCTimecardAppUITests;
				PRODUCT_NAME = "$(TARGET_NAME)";
				STRING_CATALOG_GENERATE_SYMBOLS = NO;
				SWIFT_APPROACHABLE_CONCURRENCY = YES;
				SWIFT_EMIT_LOC_STRINGS = NO;
				SWIFT_UPCOMING_FEATURE_MEMBER_IMPORT_VISIBILITY = YES;
				SWIFT_VERSION = 5.0;
				TARGETED_DEVICE_FAMILY = "1,2";
				TEST_TARGET_NAME = NFCTimecardApp;
			};
			name = Debug;
		};
		BAAA8A662EC7F5DD00608C68 /* Release */ = {
			isa = XCBuildConfiguration;
			buildSettings = {
				CODE_SIGN_STYLE = Automatic;
				CURRENT_PROJECT_VERSION = 1;
				DEVELOPMENT_TEAM = V5FL927F7Y;
				GENERATE_INFOPLIST_FILE = YES;
				MARKETING_VERSION = 1.0;
				PRODUCT_BUNDLE_IDENTIFIER = jp.co.hikari.NFCTimecardAppUITests;
				PRODUCT_NAME = "$(TARGET_NAME)";
				STRING_CATALOG_GENERATE_SYMBOLS = NO;
				SWIFT_APPROACHABLE_CONCURRENCY = YES;
				SWIFT_EMIT_LOC_STRINGS = NO;
				SWIFT_UPCOMING_FEATURE_MEMBER_IMPORT_VISIBILITY = YES;
				SWIFT_VERSION = 5.0;
				TARGETED_DEVICE_FAMILY = "1,2";
				TEST_TARGET_NAME = NFCTimecardApp;
			};
			name = Release;
		};
/* End XCBuildConfiguration section */

/* Begin XCConfigurationList section */
		BAAA8A382EC7F5DB00608C68 /* Build configuration list for PBXProject "NFCTimecardApp" */ = {
			isa = XCConfigurationList;
			buildConfigurations = (
				BAAA8A5C2EC7F5DD00608C68 /* Debug */,
				BAAA8A5D2EC7F5DD00608C68 /* Release */,
			);
			defaultConfigurationIsVisible = 0;
			defaultConfigurationName = Release;
		};
		BAAA8A5E2EC7F5DD00608C68 /* Build configuration list for PBXNativeTarget "NFCTimecardApp" */ = {
			isa = XCConfigurationList;
			buildConfigurations = (
				BAAA8A5F2EC7F5DD00608C68 /* Debug */,
				BAAA8A602EC7F5DD00608C68 /* Release */,
			);
			defaultConfigurationIsVisible = 0;
			defaultConfigurationName = Release;
		};
		BAAA8A612EC7F5DD00608C68 /* Build configuration list for PBXNativeTarget "NFCTimecardAppTests" */ = {
			isa = XCConfigurationList;
			buildConfigurations = (
				BAAA8A622EC7F5DD00608C68 /* Debug */,
				BAAA8A632EC7F5DD00608C68 /* Release */,
			);
			defaultConfigurationIsVisible = 0;
			defaultConfigurationName = Release;
		};
		BAAA8A642EC7F5DD00608C68 /* Build configuration list for PBXNativeTarget "NFCTimecardAppUITests" */ = {
			isa = XCConfigurationList;
			buildConfigurations = (
				BAAA8A652EC7F5DD00608C68 /* Debug */,
				BAAA8A662EC7F5DD00608C68 /* Release */,
			);
			defaultConfigurationIsVisible = 0;
			defaultConfigurationName = Release;
		};
/* End XCConfigurationList section */
	};
	rootObject = BAAA8A352EC7F5DB00608C68 /* Project object */;
}
